
Microsoft Visual Studio Solution File, Format Version 12.00
# Visual Studio 14
VisualStudioVersion = 14.0.25420.1
MinimumVisualStudioVersion = 10.0.40219.1
Project("{2150E333-8FDC-42A3-9474-1A3956D46DE8}") = "src", "src", "{E06F07C1-4BB6-4DF8-9932-6577FB5B23FC}"
EndProject
Project("{2150E333-8FDC-42A3-9474-1A3956D46DE8}") = "tests", "tests", "{FC5A6877-BDD3-4912-8072-1CD2EC5CF35B}"
EndProject
Project("{FAE04EC0-301F-11D3-BF4B-00C04F79EFBC}") = "Epplus.Mapper", "src\Epplus.Mapper\Epplus.Mapper.csproj", "{B7A8E8D6-CE85-4D58-82C6-50339AEAEB95}"
EndProject
Project("{FAE04EC0-301F-11D3-BF4B-00C04F79EFBC}") = "Epplus.Mapper.UnitTests", "tests\Epplus.Mapper.UnitTests\Epplus.Mapper.UnitTests.csproj", "{6B94B26A-D67C-47EA-A737-A0BF872C343E}"
EndProject
Global
	GlobalSection(SolutionConfigurationPlatforms) = preSolution
		Debug|Any CPU = Debug|Any CPU
		Release|Any CPU = Release|Any CPU
	EndGlobalSection
	GlobalSection(ProjectConfigurationPlatforms) = postSolution
		{B7A8E8D6-CE85-4D58-82C6-50339AEAEB95}.Debug|Any CPU.ActiveCfg = Debug|Any CPU
		{B7A8E8D6-CE85-4D58-82C6-50339AEAEB95}.Debug|Any CPU.Build.0 = Debug|Any CPU
		{B7A8E8D6-CE85-4D58-82C6-50339AEAEB95}.Release|Any CPU.ActiveCfg = Release|Any CPU
		{B7A8E8D6-CE85-4D58-82C6-50339AEAEB95}.Release|Any CPU.Build.0 = Release|Any CPU
		{6B94B26A-D67C-47EA-A737-A0BF872C343E}.Debug|Any CPU.ActiveCfg = Debug|Any CPU
		{6B94B26A-D67C-47EA-A737-A0BF872C343E}.Debug|Any CPU.Build.0 = Debug|Any CPU
		{6B94B26A-D67C-47EA-A737-A0BF872C343E}.Release|Any CPU.ActiveCfg = Release|Any CPU
		{6B94B26A-D67C-47EA-A737-A0BF872C343E}.Release|Any CPU.Build.0 = Release|Any CPU
	EndGlobalSection
	GlobalSection(SolutionProperties) = preSolution
		HideSolutionNode = FALSE
	EndGlobalSection
	GlobalSection(NestedProjects) = preSolution
		{B7A8E8D6-CE85-4D58-82C6-50339AEAEB95} = {E06F07C1-4BB6-4DF8-9932-6577FB5B23FC}
		{6B94B26A-D67C-47EA-A737-A0BF872C343E} = {FC5A6877-BDD3-4912-8072-1CD2EC5CF35B}
	EndGlobalSection
EndGlobal
